
Microsoft Visual Studio Solution File, Format Version 12.00
# Visual Studio 2015
Project("{FAE04EC0-301F-11D3-BF4B-00C04F79EFBC}") = "BOYEngine", "BOYEngine.csproj", "{966538CF-5490-9442-531F-E65DD32129B9}"
EndProject
Project("{FAE04EC0-301F-11D3-BF4B-00C04F79EFBC}") = "BOYEngine.Editor", "BOYEngine.Editor.csproj", "{14EBD0E8-E987-3907-3E36-15AD400E5EC0}"
EndProject
Global
	GlobalSection(SolutionConfigurationPlatforms) = preSolution
		Debug|Any CPU = Debug|Any CPU
		Release|Any CPU = Release|Any CPU
	EndGlobalSection
	GlobalSection(ProjectConfigurationPlatforms) = postSolution
		{966538CF-5490-9442-531F-E65DD32129B9}.Debug|Any CPU.ActiveCfg = Debug|Any CPU
		{966538CF-5490-9442-531F-E65DD32129B9}.Debug|Any CPU.Build.0 = Debug|Any CPU
		{966538CF-5490-9442-531F-E65DD32129B9}.Release|Any CPU.ActiveCfg = Release|Any CPU
		{966538CF-5490-9442-531F-E65DD32129B9}.Release|Any CPU.Build.0 = Release|Any CPU
		{14EBD0E8-E987-3907-3E36-15AD400E5EC0}.Debug|Any CPU.ActiveCfg = Debug|Any CPU
		{14EBD0E8-E987-3907-3E36-15AD400E5EC0}.Debug|Any CPU.Build.0 = Debug|Any CPU
		{14EBD0E8-E987-3907-3E36-15AD400E5EC0}.Release|Any CPU.ActiveCfg = Release|Any CPU
		{14EBD0E8-E987-3907-3E36-15AD400E5EC0}.Release|Any CPU.Build.0 = Release|Any CPU
	EndGlobalSection
	GlobalSection(SolutionProperties) = preSolution
		HideSolutionNode = FALSE
	EndGlobalSection
EndGlobal
